{
  "name": "build-tool",
  "version": "1.0.0",
  "lockfileVersion": 1,
  "requires": true,
  "dependencies": {
    "filewalker": {
      "version": "0.1.3",
      "resolved": "https://registry.npm.taobao.org/filewalker/download/filewalker-0.1.3.tgz",
      "integrity": "sha1-1jv52BO6NTRLgYJ0eCT2/3VL9MU=",
      "requires": {
        "fqueue": "0.0.x"
      }
    },
    "fqueue": {
      "version": "0.0.0",
      "resolved": "https://registry.npm.taobao.org/fqueue/download/fqueue-0.0.0.tgz",
      "integrity": "sha1-UzIFpPmtIbuqOPxhzvOpMML1SDY="
    },
    "mkdirp": {
      "version": "1.0.4",
      "resolved": "https://registry.npm.taobao.org/mkdirp/download/mkdirp-1.0.4.tgz?cache=0&sync_timestamp=1587535418745&other_urls=https%3A%2F%2Fregistry.npm.taobao.org%2Fmkdirp%2Fdownload%2Fmkdirp-1.0.4.tgz",
      "integrity": "sha1-PrXtYmInVteaXw4qIh3+utdcL34="
    },
    "ncp": {
      "version": "2.0.0",
      "resolved": "https://registry.npm.taobao.org/ncp/download/ncp-2.0.0.tgz",
      "integrity": "sha1-GVoh1sRuNh0vsSgbo4uR6d9727M="
    }
  }
}
