{
  "name": "vue-scooter-demo",
  "version": "1.0.0",
  "lockfileVersion": 1,
  "requires": true,
  "dependencies": {
    "vue-scooter-cli": {
      "version": "0.1.0",
      "resolved": "https://registry.npm.taobao.org/vue-scooter-cli/download/vue-scooter-cli-0.1.0.tgz",
      "integrity": "sha1-yoAyHXCKeYdw81ZokNzqeWpQ2GA="
    }
  }
}
